
Microsoft Visual Studio Solution File, Format Version 12.00
# Visual Studio Version 16
VisualStudioVersion = 16.0.33027.164
MinimumVisualStudioVersion = 10.0.40219.1
Project("{FAE04EC0-301F-11D3-BF4B-00C04F79EFBC}") = "RoomKitModulePrototype", "RoomKitModulePrototype\RoomKitModulePrototype.csproj", "{1CDA58BA-E21B-41AA-AD2F-53C7D716F968}"
EndProject
Global
	GlobalSection(SolutionConfigurationPlatforms) = preSolution
		Debug|Any CPU = Debug|Any CPU
		Release|Any CPU = Release|Any CPU
	EndGlobalSection
	GlobalSection(ProjectConfigurationPlatforms) = postSolution
		{1CDA58BA-E21B-41AA-AD2F-53C7D716F968}.Debug|Any CPU.ActiveCfg = Debug|Any CPU
		{1CDA58BA-E21B-41AA-AD2F-53C7D716F968}.Debug|Any CPU.Build.0 = Debug|Any CPU
		{1CDA58BA-E21B-41AA-AD2F-53C7D716F968}.Release|Any CPU.ActiveCfg = Release|Any CPU
		{1CDA58BA-E21B-41AA-AD2F-53C7D716F968}.Release|Any CPU.Build.0 = Release|Any CPU
	EndGlobalSection
	GlobalSection(SolutionProperties) = preSolution
		HideSolutionNode = FALSE
	EndGlobalSection
	GlobalSection(ExtensibilityGlobals) = postSolution
		SolutionGuid = {90E1085F-B6A1-47D3-8108-B88CE11BDD9A}
	EndGlobalSection
EndGlobal
